// !$*UTF8*$!
{
	archiveVersion = 1;
	classes = {
	};
	objectVersion = 50;
	objects = {

/* Begin PBXBuildFile section */
		A03856B820AF41150069BBEE /* Constants.swift in Sources */ = {isa = PBXBuildFile; fileRef = A03856B720AF41150069BBEE /* Constants.swift */; };
		A05052DB20ACCDA3005981CF /* ChatRoomController.swift in Sources */ = {isa = PBXBuildFile; fileRef = A05052DA20ACCDA3005981CF /* ChatRoomController.swift */; };
		A05052DD20ACCF0B005981CF /* ChatLobbyUser.swift in Sources */ = {isa = PBXBuildFile; fileRef = A05052DC20ACCF0B005981CF /* ChatLobbyUser.swift */; };
		A05052E020ACD445005981CF /* LobbyTableViewController.swift in Sources */ = {isa = PBXBuildFile; fileRef = A05052DF20ACD445005981CF /* LobbyTableViewController.swift */; };
		A05052E220ACD4C9005981CF /* ChatRoomViewController.swift in Sources */ = {isa = PBXBuildFile; fileRef = A05052E120ACD4C9005981CF /* ChatRoomViewController.swift */; };
		A05052E420ACE3C9005981CF /* TokenUtilities.swift in Sources */ = {isa = PBXBuildFile; fileRef = A05052E320ACE3C9005981CF /* TokenUtilities.swift */; };
		A05241C120AF5DB700C29F40 /* VideoCollectionViewController.swift in Sources */ = {isa = PBXBuildFile; fileRef = A05241C020AF5DB700C29F40 /* VideoCollectionViewController.swift */; };
		A05241C320AF5EB500C29F40 /* VideoController.swift in Sources */ = {isa = PBXBuildFile; fileRef = A05241C220AF5EB500C29F40 /* VideoController.swift */; };
		A05241C720AF61DD00C29F40 /* CameraViewController.swift in Sources */ = {isa = PBXBuildFile; fileRef = A05241C620AF61DD00C29F40 /* CameraViewController.swift */; };
		A05241CB20AFCC7600C29F40 /* VIdeoCollectionCell.swift in Sources */ = {isa = PBXBuildFile; fileRef = A05241CA20AFCC7600C29F40 /* VIdeoCollectionCell.swift */; };
		A05EA86220B473F500329A6E /* AnswerTableViewCell.swift in Sources */ = {isa = PBXBuildFile; fileRef = A05EA86120B473F500329A6E /* AnswerTableViewCell.swift */; };
		A0C25C5920ADE8B900B7FD85 /* InterviewQuestionsTableViewController.swift in Sources */ = {isa = PBXBuildFile; fileRef = A0C25C5820ADE8B900B7FD85 /* InterviewQuestionsTableViewController.swift */; };
		A0C25C5B20ADFBEE00B7FD85 /* InterviewQuestion.swift in Sources */ = {isa = PBXBuildFile; fileRef = A0C25C5A20ADFBEE00B7FD85 /* InterviewQuestion.swift */; };
		A0C25C5D20ADFC4400B7FD85 /* InterviewQuestionController.swift in Sources */ = {isa = PBXBuildFile; fileRef = A0C25C5C20ADFC4400B7FD85 /* InterviewQuestionController.swift */; };
		A0C25C5F20AE017700B7FD85 /* JobIndustry.swift in Sources */ = {isa = PBXBuildFile; fileRef = A0C25C5E20AE017700B7FD85 /* JobIndustry.swift */; };
		A0C25C6120AE019300B7FD85 /* JobIndustryController.swift in Sources */ = {isa = PBXBuildFile; fileRef = A0C25C6020AE019300B7FD85 /* JobIndustryController.swift */; };
		AF1696ED091B42610905A063 /* Pods_InterviewMeApp.framework in Frameworks */ = {isa = PBXBuildFile; fileRef = E313558045188ED812C8FDAD /* Pods_InterviewMeApp.framework */; };
		B3218D4820B35ADF0042E2A6 /* VideoCoreData.xcdatamodeld in Sources */ = {isa = PBXBuildFile; fileRef = B3218D4620B35ADF0042E2A6 /* VideoCoreData.xcdatamodeld */; };
		B3218D4A20B35AEA0042E2A6 /* VideoCoreDataStack.swift in Sources */ = {isa = PBXBuildFile; fileRef = B3218D4920B35AEA0042E2A6 /* VideoCoreDataStack.swift */; };
		B3218D4C20B35B4C0042E2A6 /* Video + Convenience.swift in Sources */ = {isa = PBXBuildFile; fileRef = B3218D4B20B35B4C0042E2A6 /* Video + Convenience.swift */; };
		B37503C520AA224E00AFB23A /* LoginViewController.swift in Sources */ = {isa = PBXBuildFile; fileRef = B37503C420AA224E00AFB23A /* LoginViewController.swift */; };
		FF14868120AA508B00FE71FD /* Signup.storyboard in Resources */ = {isa = PBXBuildFile; fileRef = FF14867F20AA508B00FE71FD /* Signup.storyboard */; };
		FF5DF60F20AB4D83009C2897 /* GoogleService-Info.plist in Resources */ = {isa = PBXBuildFile; fileRef = FF5DF60E20AB4D83009C2897 /* GoogleService-Info.plist */; };
		FFDC3E8B20AA425300AADF8A /* SignupViewController.swift in Sources */ = {isa = PBXBuildFile; fileRef = FFDC3E8A20AA425300AADF8A /* SignupViewController.swift */; };
		FFF2740B20A9E92300D66A0B /* AppDelegate.swift in Sources */ = {isa = PBXBuildFile; fileRef = FFF2740A20A9E92300D66A0B /* AppDelegate.swift */; };
		FFF2741020A9E92300D66A0B /* Main.storyboard in Resources */ = {isa = PBXBuildFile; fileRef = FFF2740E20A9E92300D66A0B /* Main.storyboard */; };
		FFF2741220A9E92400D66A0B /* Assets.xcassets in Resources */ = {isa = PBXBuildFile; fileRef = FFF2741120A9E92400D66A0B /* Assets.xcassets */; };
		FFF2741520A9E92400D66A0B /* LaunchScreen.storyboard in Resources */ = {isa = PBXBuildFile; fileRef = FFF2741320A9E92400D66A0B /* LaunchScreen.storyboard */; };
/* End PBXBuildFile section */

/* Begin PBXFileReference section */
		2597FF0BF0726ABBFA91CF62 /* Pods-InterviewMeApp.debug.xcconfig */ = {isa = PBXFileReference; includeInIndex = 1; lastKnownFileType = text.xcconfig; name = "Pods-InterviewMeApp.debug.xcconfig"; path = "Pods/Target Support Files/Pods-InterviewMeApp/Pods-InterviewMeApp.debug.xcconfig"; sourceTree = "<group>"; };
		9923D488D981203123E3D81C /* Pods-InterviewMeApp.release.xcconfig */ = {isa = PBXFileReference; includeInIndex = 1; lastKnownFileType = text.xcconfig; name = "Pods-InterviewMeApp.release.xcconfig"; path = "Pods/Target Support Files/Pods-InterviewMeApp/Pods-InterviewMeApp.release.xcconfig"; sourceTree = "<group>"; };
		A03856B720AF41150069BBEE /* Constants.swift */ = {isa = PBXFileReference; lastKnownFileType = sourcecode.swift; path = Constants.swift; sourceTree = "<group>"; };
		A05052DA20ACCDA3005981CF /* ChatRoomController.swift */ = {isa = PBXFileReference; lastKnownFileType = sourcecode.swift; name = ChatRoomController.swift; path = "InterviewMeApp/View Controllers/ChatRoomController.swift"; sourceTree = SOURCE_ROOT; };
		A05052DC20ACCF0B005981CF /* ChatLobbyUser.swift */ = {isa = PBXFileReference; lastKnownFileType = sourcecode.swift; name = ChatLobbyUser.swift; path = InterviewMeApp/ChatLobbyUser.swift; sourceTree = SOURCE_ROOT; };
		A05052DF20ACD445005981CF /* LobbyTableViewController.swift */ = {isa = PBXFileReference; lastKnownFileType = sourcecode.swift; path = LobbyTableViewController.swift; sourceTree = "<group>"; };
		A05052E120ACD4C9005981CF /* ChatRoomViewController.swift */ = {isa = PBXFileReference; lastKnownFileType = sourcecode.swift; path = ChatRoomViewController.swift; sourceTree = "<group>"; };
		A05052E320ACE3C9005981CF /* TokenUtilities.swift */ = {isa = PBXFileReference; lastKnownFileType = sourcecode.swift; name = TokenUtilities.swift; path = "InterviewMeApp/View Controllers/TokenUtilities.swift"; sourceTree = SOURCE_ROOT; };
		A05241C020AF5DB700C29F40 /* VideoCollectionViewController.swift */ = {isa = PBXFileReference; lastKnownFileType = sourcecode.swift; path = VideoCollectionViewController.swift; sourceTree = "<group>"; };
		A05241C220AF5EB500C29F40 /* VideoController.swift */ = {isa = PBXFileReference; lastKnownFileType = sourcecode.swift; name = VideoController.swift; path = "InterviewMeApp/View Controllers/VideoController.swift"; sourceTree = SOURCE_ROOT; };
		A05241C620AF61DD00C29F40 /* CameraViewController.swift */ = {isa = PBXFileReference; lastKnownFileType = sourcecode.swift; path = CameraViewController.swift; sourceTree = "<group>"; };
		A05241CA20AFCC7600C29F40 /* VIdeoCollectionCell.swift */ = {isa = PBXFileReference; lastKnownFileType = sourcecode.swift; path = VIdeoCollectionCell.swift; sourceTree = "<group>"; };
		A05EA86120B473F500329A6E /* AnswerTableViewCell.swift */ = {isa = PBXFileReference; lastKnownFileType = sourcecode.swift; path = AnswerTableViewCell.swift; sourceTree = "<group>"; };
		A0C25C5820ADE8B900B7FD85 /* InterviewQuestionsTableViewController.swift */ = {isa = PBXFileReference; lastKnownFileType = sourcecode.swift; path = InterviewQuestionsTableViewController.swift; sourceTree = "<group>"; };
		A0C25C5A20ADFBEE00B7FD85 /* InterviewQuestion.swift */ = {isa = PBXFileReference; lastKnownFileType = sourcecode.swift; name = InterviewQuestion.swift; path = "InterviewMeApp/View Controllers/InterviewQuestion.swift"; sourceTree = SOURCE_ROOT; };
		A0C25C5C20ADFC4400B7FD85 /* InterviewQuestionController.swift */ = {isa = PBXFileReference; lastKnownFileType = sourcecode.swift; name = InterviewQuestionController.swift; path = "InterviewMeApp/View Controllers/InterviewQuestionController.swift"; sourceTree = SOURCE_ROOT; };
		A0C25C5E20AE017700B7FD85 /* JobIndustry.swift */ = {isa = PBXFileReference; lastKnownFileType = sourcecode.swift; name = JobIndustry.swift; path = "InterviewMeApp/View Controllers/JobIndustry.swift"; sourceTree = SOURCE_ROOT; };
		A0C25C6020AE019300B7FD85 /* JobIndustryController.swift */ = {isa = PBXFileReference; lastKnownFileType = sourcecode.swift; name = JobIndustryController.swift; path = "InterviewMeApp/View Controllers/JobIndustryController.swift"; sourceTree = SOURCE_ROOT; };
		B3218D4720B35ADF0042E2A6 /* VideoCoreData.xcdatamodel */ = {isa = PBXFileReference; lastKnownFileType = wrapper.xcdatamodel; path = VideoCoreData.xcdatamodel; sourceTree = "<group>"; };
		B3218D4920B35AEA0042E2A6 /* VideoCoreDataStack.swift */ = {isa = PBXFileReference; lastKnownFileType = sourcecode.swift; path = VideoCoreDataStack.swift; sourceTree = "<group>"; };
		B3218D4B20B35B4C0042E2A6 /* Video + Convenience.swift */ = {isa = PBXFileReference; lastKnownFileType = sourcecode.swift; path = "Video + Convenience.swift"; sourceTree = "<group>"; };
		B37503C420AA224E00AFB23A /* LoginViewController.swift */ = {isa = PBXFileReference; lastKnownFileType = sourcecode.swift; path = LoginViewController.swift; sourceTree = "<group>"; };
		E313558045188ED812C8FDAD /* Pods_InterviewMeApp.framework */ = {isa = PBXFileReference; explicitFileType = wrapper.framework; includeInIndex = 0; path = Pods_InterviewMeApp.framework; sourceTree = BUILT_PRODUCTS_DIR; };
		FF14868020AA508B00FE71FD /* Base */ = {isa = PBXFileReference; lastKnownFileType = file.storyboard; name = Base; path = InterviewMeApp/Base.lproj/Signup.storyboard; sourceTree = "<group>"; };
		FF5DF60E20AB4D83009C2897 /* GoogleService-Info.plist */ = {isa = PBXFileReference; fileEncoding = 4; lastKnownFileType = text.plist.xml; path = "GoogleService-Info.plist"; sourceTree = "<group>"; };
		FFDC3E8A20AA425300AADF8A /* SignupViewController.swift */ = {isa = PBXFileReference; lastKnownFileType = sourcecode.swift; path = SignupViewController.swift; sourceTree = "<group>"; };
		FFF2740720A9E92300D66A0B /* InterviewMeApp.app */ = {isa = PBXFileReference; explicitFileType = wrapper.application; includeInIndex = 0; path = InterviewMeApp.app; sourceTree = BUILT_PRODUCTS_DIR; };
		FFF2740A20A9E92300D66A0B /* AppDelegate.swift */ = {isa = PBXFileReference; lastKnownFileType = sourcecode.swift; path = AppDelegate.swift; sourceTree = "<group>"; };
		FFF2740F20A9E92300D66A0B /* Base */ = {isa = PBXFileReference; lastKnownFileType = file.storyboard; name = Base; path = Base.lproj/Main.storyboard; sourceTree = "<group>"; };
		FFF2741120A9E92400D66A0B /* Assets.xcassets */ = {isa = PBXFileReference; lastKnownFileType = folder.assetcatalog; path = Assets.xcassets; sourceTree = "<group>"; };
		FFF2741420A9E92400D66A0B /* Base */ = {isa = PBXFileReference; lastKnownFileType = file.storyboard; name = Base; path = Base.lproj/LaunchScreen.storyboard; sourceTree = "<group>"; };
		FFF2741620A9E92400D66A0B /* Info.plist */ = {isa = PBXFileReference; lastKnownFileType = text.plist.xml; path = Info.plist; sourceTree = "<group>"; };
/* End PBXFileReference section */

/* Begin PBXFrameworksBuildPhase section */
		FFF2740420A9E92300D66A0B /* Frameworks */ = {
			isa = PBXFrameworksBuildPhase;
			buildActionMask = 2147483647;
			files = (
				AF1696ED091B42610905A063 /* Pods_InterviewMeApp.framework in Frameworks */,
			);
			runOnlyForDeploymentPostprocessing = 0;
		};
/* End PBXFrameworksBuildPhase section */

/* Begin PBXGroup section */
		006667B41507BF3768E4B8B0 /* Pods */ = {
			isa = PBXGroup;
			children = (
				2597FF0BF0726ABBFA91CF62 /* Pods-InterviewMeApp.debug.xcconfig */,
				9923D488D981203123E3D81C /* Pods-InterviewMeApp.release.xcconfig */,
			);
			name = Pods;
			sourceTree = "<group>";
		};
		94C55B9CB1DE2FDF7AA6595A /* Frameworks */ = {
			isa = PBXGroup;
			children = (
				E313558045188ED812C8FDAD /* Pods_InterviewMeApp.framework */,
			);
			name = Frameworks;
			sourceTree = "<group>";
		};
		B3218D4220B35ABB0042E2A6 /* Video Recording */ = {
			isa = PBXGroup;
			children = (
				B3218D4620B35ADF0042E2A6 /* VideoCoreData.xcdatamodeld */,
				B3218D4920B35AEA0042E2A6 /* VideoCoreDataStack.swift */,
				B3218D4B20B35B4C0042E2A6 /* Video + Convenience.swift */,
			);
			path = "Video Recording";
			sourceTree = "<group>";
		};
		FF5780B320ABB1EA00C51922 /* Views */ = {
			isa = PBXGroup;
			children = (
				FF14867F20AA508B00FE71FD /* Signup.storyboard */,
				FFF2740E20A9E92300D66A0B /* Main.storyboard */,
				A05241CA20AFCC7600C29F40 /* VIdeoCollectionCell.swift */,
				A05EA86120B473F500329A6E /* AnswerTableViewCell.swift */,
			);
			path = Views;
			sourceTree = "<group>";
		};
		FF9F711020AB617700A461A9 /* Resources */ = {
			isa = PBXGroup;
			children = (
				FFF2740A20A9E92300D66A0B /* AppDelegate.swift */,
				FFF2741120A9E92400D66A0B /* Assets.xcassets */,
				FFF2741320A9E92400D66A0B /* LaunchScreen.storyboard */,
				FFF2741620A9E92400D66A0B /* Info.plist */,
				FF5DF60E20AB4D83009C2897 /* GoogleService-Info.plist */,
				A03856B720AF41150069BBEE /* Constants.swift */,
			);
			path = Resources;
			sourceTree = "<group>";
		};
		FFACA4E820ABB20E00206FA4 /* View Controllers */ = {
			isa = PBXGroup;
			children = (
				B37503C420AA224E00AFB23A /* LoginViewController.swift */,
				FFDC3E8A20AA425300AADF8A /* SignupViewController.swift */,
				A05052DF20ACD445005981CF /* LobbyTableViewController.swift */,
				A05052E120ACD4C9005981CF /* ChatRoomViewController.swift */,
				A0C25C5820ADE8B900B7FD85 /* InterviewQuestionsTableViewController.swift */,
				A05241C020AF5DB700C29F40 /* VideoCollectionViewController.swift */,
				A05241C620AF61DD00C29F40 /* CameraViewController.swift */,
			);
			path = "View Controllers";
			sourceTree = "<group>";
		};
		FFACA4E920ABB23000206FA4 /* Models */ = {
			isa = PBXGroup;
			children = (
				A05052E320ACE3C9005981CF /* TokenUtilities.swift */,
				A0C25C5A20ADFBEE00B7FD85 /* InterviewQuestion.swift */,
				A0C25C5E20AE017700B7FD85 /* JobIndustry.swift */,
			);
			path = Models;
			sourceTree = "<group>";
		};
		FFACA4EA20ABB26000206FA4 /* Model Controllers */ = {
			isa = PBXGroup;
			children = (
				A05052DA20ACCDA3005981CF /* ChatRoomController.swift */,
				A0C25C5C20ADFC4400B7FD85 /* InterviewQuestionController.swift */,
				A0C25C6020AE019300B7FD85 /* JobIndustryController.swift */,
				A05241C220AF5EB500C29F40 /* VideoController.swift */,
			);
			path = "Model Controllers";
			sourceTree = "<group>";
		};
		FFF273FE20A9E92300D66A0B = {
			isa = PBXGroup;
			children = (
				FFF2740920A9E92300D66A0B /* InterviewMeApp */,
				FFF2740820A9E92300D66A0B /* Products */,
				006667B41507BF3768E4B8B0 /* Pods */,
				94C55B9CB1DE2FDF7AA6595A /* Frameworks */,
			);
			sourceTree = "<group>";
		};
		FFF2740820A9E92300D66A0B /* Products */ = {
			isa = PBXGroup;
			children = (
				FFF2740720A9E92300D66A0B /* InterviewMeApp.app */,
			);
			name = Products;
			sourceTree = "<group>";
		};
		FFF2740920A9E92300D66A0B /* InterviewMeApp */ = {
			isa = PBXGroup;
			children = (
				B3218D4220B35ABB0042E2A6 /* Video Recording */,
				A05052DC20ACCF0B005981CF /* ChatLobbyUser.swift */,
				FFACA4E920ABB23000206FA4 /* Models */,
				FFACA4EA20ABB26000206FA4 /* Model Controllers */,
				FF5780B320ABB1EA00C51922 /* Views */,
				FFACA4E820ABB20E00206FA4 /* View Controllers */,
				FF9F711020AB617700A461A9 /* Resources */,
			);
			path = InterviewMeApp;
			sourceTree = "<group>";
		};
/* End PBXGroup section */

/* Begin PBXNativeTarget section */
		FFF2740620A9E92300D66A0B /* InterviewMeApp */ = {
			isa = PBXNativeTarget;
			buildConfigurationList = FFF2741920A9E92400D66A0B /* Build configuration list for PBXNativeTarget "InterviewMeApp" */;
			buildPhases = (
				28139BBCFD2A1B08304DFCA3 /* [CP] Check Pods Manifest.lock */,
				FFF2740320A9E92300D66A0B /* Sources */,
				FFF2740420A9E92300D66A0B /* Frameworks */,
				FFF2740520A9E92300D66A0B /* Resources */,
				57A22DDAEB22A7563D0D0C4D /* [CP] Embed Pods Frameworks */,
			);
			buildRules = (
			);
			dependencies = (
			);
			name = InterviewMeApp;
			productName = InterviewMeApp;
			productReference = FFF2740720A9E92300D66A0B /* InterviewMeApp.app */;
			productType = "com.apple.product-type.application";
		};
/* End PBXNativeTarget section */

/* Begin PBXProject section */
		FFF273FF20A9E92300D66A0B /* Project object */ = {
			isa = PBXProject;
			attributes = {
				LastSwiftUpdateCheck = 0930;
				LastUpgradeCheck = 0930;
				ORGANIZATIONNAME = "Kim Lundquist";
				TargetAttributes = {
					FFF2740620A9E92300D66A0B = {
						CreatedOnToolsVersion = 9.3;
					};
				};
			};
			buildConfigurationList = FFF2740220A9E92300D66A0B /* Build configuration list for PBXProject "InterviewMeApp" */;
			compatibilityVersion = "Xcode 9.3";
			developmentRegion = en;
			hasScannedForEncodings = 0;
			knownRegions = (
				en,
				Base,
			);
			mainGroup = FFF273FE20A9E92300D66A0B;
			productRefGroup = FFF2740820A9E92300D66A0B /* Products */;
			projectDirPath = "";
			projectRoot = "";
			targets = (
				FFF2740620A9E92300D66A0B /* InterviewMeApp */,
			);
		};
/* End PBXProject section */

/* Begin PBXResourcesBuildPhase section */
		FFF2740520A9E92300D66A0B /* Resources */ = {
			isa = PBXResourcesBuildPhase;
			buildActionMask = 2147483647;
			files = (
				FF14868120AA508B00FE71FD /* Signup.storyboard in Resources */,
				FF5DF60F20AB4D83009C2897 /* GoogleService-Info.plist in Resources */,
				FFF2741520A9E92400D66A0B /* LaunchScreen.storyboard in Resources */,
				FFF2741220A9E92400D66A0B /* Assets.xcassets in Resources */,
				FFF2741020A9E92300D66A0B /* Main.storyboard in Resources */,
			);
			runOnlyForDeploymentPostprocessing = 0;
		};
/* End PBXResourcesBuildPhase section */

/* Begin PBXShellScriptBuildPhase section */
		28139BBCFD2A1B08304DFCA3 /* [CP] Check Pods Manifest.lock */ = {
			isa = PBXShellScriptBuildPhase;
			buildActionMask = 2147483647;
			files = (
			);
			inputPaths = (
				"${PODS_PODFILE_DIR_PATH}/Podfile.lock",
				"${PODS_ROOT}/Manifest.lock",
			);
			name = "[CP] Check Pods Manifest.lock";
			outputPaths = (
				"$(DERIVED_FILE_DIR)/Pods-InterviewMeApp-checkManifestLockResult.txt",
			);
			runOnlyForDeploymentPostprocessing = 0;
			shellPath = /bin/sh;
			shellScript = "diff \"${PODS_PODFILE_DIR_PATH}/Podfile.lock\" \"${PODS_ROOT}/Manifest.lock\" > /dev/null\nif [ $? != 0 ] ; then\n    # print error to STDERR\n    echo \"error: The sandbox is not in sync with the Podfile.lock. Run 'pod install' or update your CocoaPods installation.\" >&2\n    exit 1\nfi\n# This output is used by Xcode 'outputs' to avoid re-running this script phase.\necho \"SUCCESS\" > \"${SCRIPT_OUTPUT_FILE_0}\"\n";
			showEnvVarsInLog = 0;
		};
		57A22DDAEB22A7563D0D0C4D /* [CP] Embed Pods Frameworks */ = {
			isa = PBXShellScriptBuildPhase;
			buildActionMask = 2147483647;
			files = (
			);
			inputPaths = (
				"${SRCROOT}/Pods/Target Support Files/Pods-InterviewMeApp/Pods-InterviewMeApp-frameworks.sh",
				"${BUILT_PRODUCTS_DIR}/GTMSessionFetcher/GTMSessionFetcher.framework",
				"${BUILT_PRODUCTS_DIR}/GoogleToolboxForMac/GoogleToolboxForMac.framework",
				"${BUILT_PRODUCTS_DIR}/RecordButton/RecordButton.framework",
				"${BUILT_PRODUCTS_DIR}/SwiftyCam/SwiftyCam.framework",
				"${PODS_ROOT}/TwilioVideo/Build/iOS/TwilioVideo.framework",
				"${BUILT_PRODUCTS_DIR}/leveldb-library/leveldb.framework",
			);
			name = "[CP] Embed Pods Frameworks";
			outputPaths = (
				"${TARGET_BUILD_DIR}/${FRAMEWORKS_FOLDER_PATH}/GTMSessionFetcher.framework",
				"${TARGET_BUILD_DIR}/${FRAMEWORKS_FOLDER_PATH}/GoogleToolboxForMac.framework",
				"${TARGET_BUILD_DIR}/${FRAMEWORKS_FOLDER_PATH}/RecordButton.framework",
				"${TARGET_BUILD_DIR}/${FRAMEWORKS_FOLDER_PATH}/SwiftyCam.framework",
				"${TARGET_BUILD_DIR}/${FRAMEWORKS_FOLDER_PATH}/TwilioVideo.framework",
				"${TARGET_BUILD_DIR}/${FRAMEWORKS_FOLDER_PATH}/leveldb.framework",
			);
			runOnlyForDeploymentPostprocessing = 0;
			shellPath = /bin/sh;
			shellScript = "\"${SRCROOT}/Pods/Target Support Files/Pods-InterviewMeApp/Pods-InterviewMeApp-frameworks.sh\"\n";
			showEnvVarsInLog = 0;
		};
/* End PBXShellScriptBuildPhase section */

/* Begin PBXSourcesBuildPhase section */
		FFF2740320A9E92300D66A0B /* Sources */ = {
			isa = PBXSourcesBuildPhase;
			buildActionMask = 2147483647;
			files = (
				B37503C520AA224E00AFB23A /* LoginViewController.swift in Sources */,
				A0C25C6120AE019300B7FD85 /* JobIndustryController.swift in Sources */,
				A05052E420ACE3C9005981CF /* TokenUtilities.swift in Sources */,
				FFF2740B20A9E92300D66A0B /* AppDelegate.swift in Sources */,
				A05052E220ACD4C9005981CF /* ChatRoomViewController.swift in Sources */,
				A05241C120AF5DB700C29F40 /* VideoCollectionViewController.swift in Sources */,
				B3218D4820B35ADF0042E2A6 /* VideoCoreData.xcdatamodeld in Sources */,
				A03856B820AF41150069BBEE /* Constants.swift in Sources */,
				A05241CB20AFCC7600C29F40 /* VIdeoCollectionCell.swift in Sources */,
				A05EA86220B473F500329A6E /* AnswerTableViewCell.swift in Sources */,
				A0C25C5920ADE8B900B7FD85 /* InterviewQuestionsTableViewController.swift in Sources */,
				B3218D4C20B35B4C0042E2A6 /* Video + Convenience.swift in Sources */,
				A0C25C5F20AE017700B7FD85 /* JobIndustry.swift in Sources */,
				A0C25C5B20ADFBEE00B7FD85 /* InterviewQuestion.swift in Sources */,
				A0C25C5D20ADFC4400B7FD85 /* InterviewQuestionController.swift in Sources */,
				A05052DD20ACCF0B005981CF /* ChatLobbyUser.swift in Sources */,
				FFDC3E8B20AA425300AADF8A /* SignupViewController.swift in Sources */,
				B3218D4A20B35AEA0042E2A6 /* VideoCoreDataStack.swift in Sources */,
				A05052E020ACD445005981CF /* LobbyTableViewController.swift in Sources */,
				A05241C720AF61DD00C29F40 /* CameraViewController.swift in Sources */,
				A05052DB20ACCDA3005981CF /* ChatRoomController.swift in Sources */,
				A05241C320AF5EB500C29F40 /* VideoController.swift in Sources */,
			);
			runOnlyForDeploymentPostprocessing = 0;
		};
/* End PBXSourcesBuildPhase section */

/* Begin PBXVariantGroup section */
		FF14867F20AA508B00FE71FD /* Signup.storyboard */ = {
			isa = PBXVariantGroup;
			children = (
				FF14868020AA508B00FE71FD /* Base */,
			);
			name = Signup.storyboard;
			sourceTree = "<group>";
		};
		FFF2740E20A9E92300D66A0B /* Main.storyboard */ = {
			isa = PBXVariantGroup;
			children = (
				FFF2740F20A9E92300D66A0B /* Base */,
			);
			name = Main.storyboard;
			path = ..;
			sourceTree = "<group>";
		};
		FFF2741320A9E92400D66A0B /* LaunchScreen.storyboard */ = {
			isa = PBXVariantGroup;
			children = (
				FFF2741420A9E92400D66A0B /* Base */,
			);
			name = LaunchScreen.storyboard;
			sourceTree = "<group>";
		};
/* End PBXVariantGroup section */

/* Begin XCBuildConfiguration section */
		FFF2741720A9E92400D66A0B /* Debug */ = {
			isa = XCBuildConfiguration;
			buildSettings = {
				ALWAYS_SEARCH_USER_PATHS = NO;
				CLANG_ANALYZER_NONNULL = YES;
				CLANG_ANALYZER_NUMBER_OBJECT_CONVERSION = YES_AGGRESSIVE;
				CLANG_CXX_LANGUAGE_STANDARD = "gnu++14";
				CLANG_CXX_LIBRARY = "libc++";
				CLANG_ENABLE_MODULES = YES;
				CLANG_ENABLE_OBJC_ARC = YES;
				CLANG_ENABLE_OBJC_WEAK = YES;
				CLANG_WARN_BLOCK_CAPTURE_AUTORELEASING = YES;
				CLANG_WARN_BOOL_CONVERSION = YES;
				CLANG_WARN_COMMA = YES;
				CLANG_WARN_CONSTANT_CONVERSION = YES;
				CLANG_WARN_DEPRECATED_OBJC_IMPLEMENTATIONS = YES;
				CLANG_WARN_DIRECT_OBJC_ISA_USAGE = YES_ERROR;
				CLANG_WARN_DOCUMENTATION_COMMENTS = YES;
				CLANG_WARN_EMPTY_BODY = YES;
				CLANG_WARN_ENUM_CONVERSION = YES;
				CLANG_WARN_INFINITE_RECURSION = YES;
				CLANG_WARN_INT_CONVERSION = YES;
				CLANG_WARN_NON_LITERAL_NULL_CONVERSION = YES;
				CLANG_WARN_OBJC_IMPLICIT_RETAIN_SELF = YES;
				CLANG_WARN_OBJC_LITERAL_CONVERSION = YES;
				CLANG_WARN_OBJC_ROOT_CLASS = YES_ERROR;
				CLANG_WARN_RANGE_LOOP_ANALYSIS = YES;
				CLANG_WARN_STRICT_PROTOTYPES = YES;
				CLANG_WARN_SUSPICIOUS_MOVE = YES;
				CLANG_WARN_UNGUARDED_AVAILABILITY = YES_AGGRESSIVE;
				CLANG_WARN_UNREACHABLE_CODE = YES;
				CLANG_WARN__DUPLICATE_METHOD_MATCH = YES;
				CODE_SIGN_IDENTITY = "iPhone Developer";
				COPY_PHASE_STRIP = NO;
				DEBUG_INFORMATION_FORMAT = dwarf;
				ENABLE_STRICT_OBJC_MSGSEND = YES;
				ENABLE_TESTABILITY = YES;
				GCC_C_LANGUAGE_STANDARD = gnu11;
				GCC_DYNAMIC_NO_PIC = NO;
				GCC_NO_COMMON_BLOCKS = YES;
				GCC_OPTIMIZATION_LEVEL = 0;
				GCC_PREPROCESSOR_DEFINITIONS = (
					"DEBUG=1",
					"$(inherited)",
				);
				GCC_WARN_64_TO_32_BIT_CONVERSION = YES;
				GCC_WARN_ABOUT_RETURN_TYPE = YES_ERROR;
				GCC_WARN_UNDECLARED_SELECTOR = YES;
				GCC_WARN_UNINITIALIZED_AUTOS = YES_AGGRESSIVE;
				GCC_WARN_UNUSED_FUNCTION = YES;
				GCC_WARN_UNUSED_VARIABLE = YES;
				IPHONEOS_DEPLOYMENT_TARGET = 11.3;
				MTL_ENABLE_DEBUG_INFO = YES;
				ONLY_ACTIVE_ARCH = YES;
				SDKROOT = iphoneos;
				SWIFT_ACTIVE_COMPILATION_CONDITIONS = DEBUG;
				SWIFT_OPTIMIZATION_LEVEL = "-Onone";
			};
			name = Debug;
		};
		FFF2741820A9E92400D66A0B /* Release */ = {
			isa = XCBuildConfiguration;
			buildSettings = {
				ALWAYS_SEARCH_USER_PATHS = NO;
				CLANG_ANALYZER_NONNULL = YES;
				CLANG_ANALYZER_NUMBER_OBJECT_CONVERSION = YES_AGGRESSIVE;
				CLANG_CXX_LANGUAGE_STANDARD = "gnu++14";
				CLANG_CXX_LIBRARY = "libc++";
				CLANG_ENABLE_MODULES = YES;
				CLANG_ENABLE_OBJC_ARC = YES;
				CLANG_ENABLE_OBJC_WEAK = YES;
				CLANG_WARN_BLOCK_CAPTURE_AUTORELEASING = YES;
				CLANG_WARN_BOOL_CONVERSION = YES;
				CLANG_WARN_COMMA = YES;
				CLANG_WARN_CONSTANT_CONVERSION = YES;
				CLANG_WARN_DEPRECATED_OBJC_IMPLEMENTATIONS = YES;
				CLANG_WARN_DIRECT_OBJC_ISA_USAGE = YES_ERROR;
				CLANG_WARN_DOCUMENTATION_COMMENTS = YES;
				CLANG_WARN_EMPTY_BODY = YES;
				CLANG_WARN_ENUM_CONVERSION = YES;
				CLANG_WARN_INFINITE_RECURSION = YES;
				CLANG_WARN_INT_CONVERSION = YES;
				CLANG_WARN_NON_LITERAL_NULL_CONVERSION = YES;
				CLANG_WARN_OBJC_IMPLICIT_RETAIN_SELF = YES;
				CLANG_WARN_OBJC_LITERAL_CONVERSION = YES;
				CLANG_WARN_OBJC_ROOT_CLASS = YES_ERROR;
				CLANG_WARN_RANGE_LOOP_ANALYSIS = YES;
				CLANG_WARN_STRICT_PROTOTYPES = YES;
				CLANG_WARN_SUSPICIOUS_MOVE = YES;
				CLANG_WARN_UNGUARDED_AVAILABILITY = YES_AGGRESSIVE;
				CLANG_WARN_UNREACHABLE_CODE = YES;
				CLANG_WARN__DUPLICATE_METHOD_MATCH = YES;
				CODE_SIGN_IDENTITY = "iPhone Developer";
				COPY_PHASE_STRIP = NO;
				DEBUG_INFORMATION_FORMAT = "dwarf-with-dsym";
				ENABLE_NS_ASSERTIONS = NO;
				ENABLE_STRICT_OBJC_MSGSEND = YES;
				GCC_C_LANGUAGE_STANDARD = gnu11;
				GCC_NO_COMMON_BLOCKS = YES;
				GCC_WARN_64_TO_32_BIT_CONVERSION = YES;
				GCC_WARN_ABOUT_RETURN_TYPE = YES_ERROR;
				GCC_WARN_UNDECLARED_SELECTOR = YES;
				GCC_WARN_UNINITIALIZED_AUTOS = YES_AGGRESSIVE;
				GCC_WARN_UNUSED_FUNCTION = YES;
				GCC_WARN_UNUSED_VARIABLE = YES;
				IPHONEOS_DEPLOYMENT_TARGET = 11.3;
				MTL_ENABLE_DEBUG_INFO = NO;
				SDKROOT = iphoneos;
				SWIFT_COMPILATION_MODE = wholemodule;
				SWIFT_OPTIMIZATION_LEVEL = "-O";
				VALIDATE_PRODUCT = YES;
			};
			name = Release;
		};
		FFF2741A20A9E92400D66A0B /* Debug */ = {
			isa = XCBuildConfiguration;
			baseConfigurationReference = 2597FF0BF0726ABBFA91CF62 /* Pods-InterviewMeApp.debug.xcconfig */;
			buildSettings = {
				ASSETCATALOG_COMPILER_APPICON_NAME = AppIcon;
				CODE_SIGN_STYLE = Automatic;
				DEVELOPMENT_TEAM = 7VSPJ2N6B9;
				INFOPLIST_FILE = "$(SRCROOT)/InterviewMeApp/Resources/Info.plist";
				IPHONEOS_DEPLOYMENT_TARGET = 11.3;
				LD_RUNPATH_SEARCH_PATHS = (
					"$(inherited)",
					"@executable_path/Frameworks",
				);
				PRODUCT_BUNDLE_IDENTIFIER = com.KimLundquist.InterviewMeApp;
				PRODUCT_NAME = "$(TARGET_NAME)";
				SWIFT_VERSION = 4.0;
				TARGETED_DEVICE_FAMILY = "1,2";
			};
			name = Debug;
		};
		FFF2741B20A9E92400D66A0B /* Release */ = {
			isa = XCBuildConfiguration;
			baseConfigurationReference = 9923D488D981203123E3D81C /* Pods-InterviewMeApp.release.xcconfig */;
			buildSettings = {
				ASSETCATALOG_COMPILER_APPICON_NAME = AppIcon;
				CODE_SIGN_STYLE = Automatic;
				DEVELOPMENT_TEAM = 7VSPJ2N6B9;
				INFOPLIST_FILE = "$(SRCROOT)/InterviewMeApp/Resources/Info.plist";
				IPHONEOS_DEPLOYMENT_TARGET = 11.3;
				LD_RUNPATH_SEARCH_PATHS = (
					"$(inherited)",
					"@executable_path/Frameworks",
				);
				PRODUCT_BUNDLE_IDENTIFIER = com.KimLundquist.InterviewMeApp;
				PRODUCT_NAME = "$(TARGET_NAME)";
				SWIFT_VERSION = 4.0;
				TARGETED_DEVICE_FAMILY = "1,2";
			};
			name = Release;
		};
/* End XCBuildConfiguration section */

/* Begin XCConfigurationList section */
		FFF2740220A9E92300D66A0B /* Build configuration list for PBXProject "InterviewMeApp" */ = {
			isa = XCConfigurationList;
			buildConfigurations = (
				FFF2741720A9E92400D66A0B /* Debug */,
				FFF2741820A9E92400D66A0B /* Release */,
			);
			defaultConfigurationIsVisible = 0;
			defaultConfigurationName = Release;
		};
		FFF2741920A9E92400D66A0B /* Build configuration list for PBXNativeTarget "InterviewMeApp" */ = {
			isa = XCConfigurationList;
			buildConfigurations = (
				FFF2741A20A9E92400D66A0B /* Debug */,
				FFF2741B20A9E92400D66A0B /* Release */,
			);
			defaultConfigurationIsVisible = 0;
			defaultConfigurationName = Release;
		};
/* End XCConfigurationList section */

/* Begin XCVersionGroup section */
		B3218D4620B35ADF0042E2A6 /* VideoCoreData.xcdatamodeld */ = {
			isa = XCVersionGroup;
			children = (
				B3218D4720B35ADF0042E2A6 /* VideoCoreData.xcdatamodel */,
			);
			currentVersion = B3218D4720B35ADF0042E2A6 /* VideoCoreData.xcdatamodel */;
			path = VideoCoreData.xcdatamodeld;
			sourceTree = "<group>";
			versionGroupType = wrapper.xcdatamodel;
		};
/* End XCVersionGroup section */
	};
	rootObject = FFF273FF20A9E92300D66A0B /* Project object */;
}
